{
  "version": 4,
  "terraform_version": "1.14.0",
  "serial": 4,
  "lineage": "0b6ca004-a11c-9b48-ea43-cc858d4a54b4",
  "outputs": {
    "cluster_name": {
      "value": "single-node-cluster",
      "type": "string"
    },
    "endpoint": {
      "value": "34.16.37.123",
      "type": "string"
    },
    "location": {
      "value": "us-central1-a",
      "type": "string"
    }
  },
  "resources": [
    {
      "mode": "managed",
      "type": "google_container_cluster",
      "name": "single_node_gke",
      "provider": "provider[\"registry.terraform.io/hashicorp/google\"]",
      "instances": [
        {
          "schema_version": 2,
          "attributes": {
            "addons_config": [
              {
                "cloudrun_config": [],
                "config_connector_config": [],
                "dns_cache_config": [],
                "gce_persistent_disk_csi_driver_config": [
                  {
                    "enabled": true
                  }
                ],
                "gcp_filestore_csi_driver_config": [],
                "gcs_fuse_csi_driver_config": [],
                "gke_backup_agent_config": [],
                "horizontal_pod_autoscaling": [],
                "http_load_balancing": [],
                "network_policy_config": [
                  {
                    "disabled": true
                  }
                ],
                "ray_operator_config": [],
                "stateful_ha_config": []
              }
            ],
            "allow_net_admin": null,
            "authenticator_groups_config": [],
            "binary_authorization": [
              {
                "enabled": false,
                "evaluation_mode": ""
              }
            ],
            "cluster_autoscaling": [
              {
                "auto_provisioning_defaults": [],
                "auto_provisioning_locations": [],
                "autoscaling_profile": "BALANCED",
                "enabled": false,
                "resource_limits": []
              }
            ],
            "cluster_ipv4_cidr": "10.20.0.0/14",
            "confidential_nodes": [],
            "cost_management_config": [],
            "database_encryption": [
              {
                "key_name": "",
                "state": "DECRYPTED"
              }
            ],
            "datapath_provider": "",
            "default_max_pods_per_node": 110,
            "default_snat_status": [
              {
                "disabled": false
              }
            ],
            "deletion_protection": true,
            "description": "",
            "dns_config": [],
            "enable_autopilot": false,
            "enable_cilium_clusterwide_network_policy": false,
            "enable_intranode_visibility": false,
            "enable_k8s_beta_apis": [],
            "enable_kubernetes_alpha": false,
            "enable_l4_ilb_subsetting": false,
            "enable_legacy_abac": false,
            "enable_multi_networking": false,
            "enable_shielded_nodes": true,
            "enable_tpu": false,
            "endpoint": "34.16.37.123",
            "fleet": [],
            "gateway_api_config": [],
            "id": "projects/milton-k8s-gcp-cluster/locations/us-central1-a/clusters/single-node-cluster",
            "identity_service_config": [],
            "initial_node_count": 1,
            "ip_allocation_policy": [
              {
                "additional_pod_ranges_config": [],
                "cluster_ipv4_cidr_block": "10.20.0.0/14",
                "cluster_secondary_range_name": "gke-single-node-cluster-pods-dff3b673",
                "pod_cidr_overprovision_config": [
                  {
                    "disabled": false
                  }
                ],
                "services_ipv4_cidr_block": "34.118.224.0/20",
                "services_secondary_range_name": "",
                "stack_type": "IPV4"
              }
            ],
            "label_fingerprint": "a9dc16a7",
            "location": "us-central1-a",
            "logging_config": [
              {
                "enable_components": [
                  "SYSTEM_COMPONENTS",
                  "WORKLOADS"
                ]
              }
            ],
            "logging_service": "logging.googleapis.com/kubernetes",
            "maintenance_policy": [],
            "master_auth": [
              {
                "client_certificate": "",
                "client_certificate_config": [
                  {
                    "issue_client_certificate": false
                  }
                ],
                "client_key": "",
                "cluster_ca_certificate": "LS0tLS1CRUdJTiBDRVJUSUZJQ0FURS0tLS0tCk1JSUVMVENDQXBXZ0F3SUJBZ0lSQU1XQzlyZ0tYenNxT3cxRkdyOUd5TDh3RFFZSktvWklodmNOQVFFTEJRQXcKTHpFdE1Dc0dBMVVFQXhNa1pUWm1NamxtWkRrdFlXTXdPQzAwTmpnNUxXSTVZV010TkdFNE9URm1aV1E1TURkaApNQ0FYRFRJMU1URXlNakF4TkRBeU5sb1lEekl3TlRVeE1URTFNREkwTURJMldqQXZNUzB3S3dZRFZRUURFeVJsCk5tWXlPV1prT1MxaFl6QTRMVFEyT0RrdFlqbGhZeTAwWVRnNU1XWmxaRGt3TjJFd2dnR2lNQTBHQ1NxR1NJYjMKRFFFQkFRVUFBNElCandBd2dnR0tBb0lCZ1FEbnpSVWJCNURLU01nTmFOUHlRa0tLRytKQ3ZNZmhlZi84VXhwTQoxelRUWkZrS1Y0MlYxOU5FcnFmbFR3YVJxTnJRcnRVYmdzQkQvUDdxSzZ0YkloQzFtMnU0dlZsYkhhNXJ5QnB0ClAxYVNaRm9XOFBzdXpkSWozQkdaRDBsbXF6dWU4RXpndzhrZ05RWk1ZdmlNNDBuNm9nbDJQbjJYQ2hXRXZ0cGcKZ21nYkRJZ2dtNHhCTjRLZm9aemJkY1I1UVdMWHBaRm9zZzFIVEF4UzQ1VTBvRG1BT3RSY0M3TDdvajRqamNleQpvdVc2bjZFSENDZlIxZHJ0ckJGbWlTVmJsQUpWQ29nU2g2SlhBcW0yTUlpOTRUTnl5OGtKUUZWc0tneFJidEFoCjk5RGgzZzM1YkpaZWJyS255bnlyYURPT0l5cDBRbzJqV1ZsWEZWci9wM2g4TnZ5Si80bHdGNDlFOEtMSTRyeEkKUmJNejRvc2Nob2tGMk8wczNqQjRUQkRxYWpQM2o1VTFyN3NVZXc0T2VVRGZGb3EwRE92OStUZkRQL1FjOFhaMAorbDh2RDdVNEJ3TTBSbHpHcGtIYWhtUEg2eXRXekxZVTVJaFNJTFJKcWxNTzBIVFJzd3NXQUV6RUduNEdxMHFCCkp1UWxqaW9vM25LcWJGbnQrSFhaZU9LMm9Va0NBd0VBQWFOQ01FQXdEZ1lEVlIwUEFRSC9CQVFEQWdJRU1BOEcKQTFVZEV3RUIvd1FGTUFNQkFmOHdIUVlEVlIwT0JCWUVGS0M3bzNrems0bHJCSURLbVdwTlFzS3owcUt1TUEwRwpDU3FHU0liM0RRRUJDd1VBQTRJQmdRQS9VdzZaU2ZMYkk2T0g4MnJBMkZ2bmxycHlZdE80amJxM0VGRFhUQnFPCmpEOXM4dCtiQVJJQnZNU0s5UFZSY2pIK0FETGE1NXRJUE8zQmhEMkV1N0VtMEhBWGdRZW9RdVJEenl3M2gycE4KRXlqbE9OWVBqR2hQblZ3bWpLeGJ5TUU3QUR0U1pWV1RQTlo4WUEwUXRaeHhtYnltS21vZlR3WFhSY0MyK29ieAo3dis5UUpmbzVwWDNHdlBjZnJKcThoRDZiUEpmOVV1ZEVvQnc5UzZvNTZFSzQ4clJHT2loUUV6MndiVUJZcVlxCjRMS0VQUGc0OUpRMVJCcGthRFovWEVEdFJURzhuYjc3Mk9lUEhldnJhek1GbjIxeGVielVLS2dIQ3pxaE9BOFoKakJpTkdEbVdTMWwrYnZNYmVUWHdFZ3dqWFAwS3hsV0VNU0luVFFZK3NrTkV2a0lua21halhNeSttS1FXQlBEWApEMVFzNUM3VjRubmZUTW1nRmxxK1hHVFlUeml4KzA2TUxVNkswS08zaWJhSUlzY2IxMlNyZmhTc2VZcGlpdVhuCklhR3Y2cEhCTkJvOXlCRzBGMUxkTVZBQWJ1SHVFRlpONXd6WHBGY1ZmNnZVaWhUbHRQRVJuVFFyc29JbEFOMXkKWW9JcnVlbFNhN3JsT0VwaDIyNzNnTlU9Ci0tLS0tRU5EIENFUlRJRklDQVRFLS0tLS0K"
              }
            ],
            "master_authorized_networks_config": [],
            "master_version": "1.33.5-gke.1201000",
            "mesh_certificates": [],
            "min_master_version": null,
            "monitoring_config": [
              {
                "advanced_datapath_observability_config": [
                  {
                    "enable_metrics": false,
                    "enable_relay": false,
                    "relay_mode": "DISABLED"
                  }
                ],
                "enable_components": [
                  "SYSTEM_COMPONENTS",
                  "POD",
                  "DAEMONSET",
                  "DEPLOYMENT",
                  "STATEFULSET",
                  "JOBSET",
                  "STORAGE",
                  "HPA",
                  "CADVISOR",
                  "KUBELET",
                  "DCGM"
                ],
                "managed_prometheus": [
                  {
                    "enabled": true
                  }
                ]
              }
            ],
            "monitoring_service": "monitoring.googleapis.com/kubernetes",
            "name": "single-node-cluster",
            "network": "projects/milton-k8s-gcp-cluster/global/networks/default",
            "network_policy": [
              {
                "enabled": false,
                "provider": "PROVIDER_UNSPECIFIED"
              }
            ],
            "networking_mode": "VPC_NATIVE",
            "node_config": [],
            "node_locations": [],
            "node_pool": [],
            "node_pool_auto_config": [
              {
                "network_tags": [],
                "node_kubelet_config": [
                  {
                    "insecure_kubelet_readonly_port_enabled": "FALSE"
                  }
                ],
                "resource_manager_tags": {}
              }
            ],
            "node_pool_defaults": [
              {
                "node_config_defaults": [
                  {
                    "containerd_config": [],
                    "insecure_kubelet_readonly_port_enabled": "FALSE",
                    "logging_variant": "DEFAULT"
                  }
                ]
              }
            ],
            "node_version": "1.33.5-gke.1201000",
            "notification_config": [
              {
                "pubsub": [
                  {
                    "enabled": false,
                    "filter": [],
                    "topic": ""
                  }
                ]
              }
            ],
            "operation": null,
            "private_cluster_config": [
              {
                "enable_private_endpoint": false,
                "enable_private_nodes": false,
                "master_global_access_config": [
                  {
                    "enabled": false
                  }
                ],
                "master_ipv4_cidr_block": "",
                "peering_name": "",
                "private_endpoint": "10.128.0.2",
                "private_endpoint_subnetwork": "",
                "public_endpoint": "34.16.37.123"
              }
            ],
            "private_ipv6_google_access": "",
            "project": "milton-k8s-gcp-cluster",
            "release_channel": [
              {
                "channel": "REGULAR"
              }
            ],
            "remove_default_node_pool": true,
            "resource_labels": null,
            "resource_usage_export_config": [],
            "security_posture_config": [
              {
                "mode": "BASIC",
                "vulnerability_mode": "VULNERABILITY_MODE_UNSPECIFIED"
              }
            ],
            "self_link": "https://container.googleapis.com/v1/projects/milton-k8s-gcp-cluster/zones/us-central1-a/clusters/single-node-cluster",
            "service_external_ips_config": [
              {
                "enabled": false
              }
            ],
            "services_ipv4_cidr": "34.118.224.0/20",
            "subnetwork": "projects/milton-k8s-gcp-cluster/regions/us-central1/subnetworks/default",
            "timeouts": null,
            "tpu_ipv4_cidr_block": "",
            "vertical_pod_autoscaling": [],
            "workload_identity_config": []
          },
          "sensitive_attributes": [
            [
              {
                "type": "get_attr",
                "value": "master_auth"
              },
              {
                "type": "index",
                "value": {
                  "value": 0,
                  "type": "number"
                }
              },
              {
                "type": "get_attr",
                "value": "client_key"
              }
            ]
          ],
          "identity_schema_version": 0,
          "private": "eyJlMmJmYjczMC1lY2FhLTExZTYtOGY4OC0zNDM2M2JjN2M0YzAiOnsiY3JlYXRlIjoyNDAwMDAwMDAwMDAwLCJkZWxldGUiOjI0MDAwMDAwMDAwMDAsInJlYWQiOjI0MDAwMDAwMDAwMDAsInVwZGF0ZSI6MzYwMDAwMDAwMDAwMH0sInNjaGVtYV92ZXJzaW9uIjoiMiJ9"
        }
      ]
    },
    {
      "mode": "managed",
      "type": "google_container_node_pool",
      "name": "primary_nodes",
      "provider": "provider[\"registry.terraform.io/hashicorp/google\"]",
      "instances": [
        {
          "schema_version": 1,
          "attributes": {
            "autoscaling": [],
            "cluster": "single-node-cluster",
            "id": "projects/milton-k8s-gcp-cluster/locations/us-central1-a/clusters/single-node-cluster/nodePools/default-node-pool",
            "initial_node_count": 1,
            "instance_group_urls": [
              "https://www.googleapis.com/compute/v1/projects/milton-k8s-gcp-cluster/zones/us-central1-a/instanceGroupManagers/gke-single-node-clus-default-node-poo-cd98d9b8-grp"
            ],
            "location": "us-central1-a",
            "managed_instance_group_urls": [
              "https://www.googleapis.com/compute/v1/projects/milton-k8s-gcp-cluster/zones/us-central1-a/instanceGroups/gke-single-node-clus-default-node-poo-cd98d9b8-grp"
            ],
            "management": [
              {
                "auto_repair": true,
                "auto_upgrade": true
              }
            ],
            "max_pods_per_node": 110,
            "name": "default-node-pool",
            "name_prefix": "",
            "network_config": [
              {
                "additional_node_network_configs": [],
                "additional_pod_network_configs": [],
                "create_pod_range": false,
                "enable_private_nodes": false,
                "network_performance_config": [],
                "pod_cidr_overprovision_config": [],
                "pod_ipv4_cidr_block": "10.20.0.0/14",
                "pod_range": "gke-single-node-cluster-pods-dff3b673"
              }
            ],
            "node_config": [
              {
                "advanced_machine_features": [],
                "boot_disk_kms_key": "",
                "confidential_nodes": [],
                "containerd_config": [],
                "disk_size_gb": 100,
                "disk_type": "pd-balanced",
                "effective_taints": [],
                "enable_confidential_storage": false,
                "ephemeral_storage_local_ssd_config": [],
                "fast_socket": [],
                "gcfs_config": [],
                "guest_accelerator": [],
                "gvnic": [],
                "host_maintenance_policy": [],
                "image_type": "COS_CONTAINERD",
                "kubelet_config": [
                  {
                    "cpu_cfs_quota": false,
                    "cpu_cfs_quota_period": "",
                    "cpu_manager_policy": "",
                    "insecure_kubelet_readonly_port_enabled": "FALSE",
                    "pod_pids_limit": 0
                  }
                ],
                "labels": {},
                "linux_node_config": [],
                "local_nvme_ssd_block_config": [],
                "local_ssd_count": 0,
                "logging_variant": "DEFAULT",
                "machine_type": "e2-medium",
                "metadata": {
                  "disable-legacy-endpoints": "true"
                },
                "min_cpu_platform": "",
                "node_group": "",
                "oauth_scopes": [
                  "https://www.googleapis.com/auth/cloud-platform"
                ],
                "preemptible": false,
                "reservation_affinity": [],
                "resource_labels": {
                  "goog-gke-node-pool-provisioning-model": "on-demand"
                },
                "resource_manager_tags": null,
                "secondary_boot_disks": [],
                "service_account": "default",
                "shielded_instance_config": [
                  {
                    "enable_integrity_monitoring": true,
                    "enable_secure_boot": false
                  }
                ],
                "sole_tenant_config": [],
                "spot": false,
                "tags": null,
                "taint": [],
                "workload_metadata_config": []
              }
            ],
            "node_count": 1,
            "node_locations": [
              "us-central1-a"
            ],
            "operation": null,
            "placement_policy": [],
            "project": "milton-k8s-gcp-cluster",
            "queued_provisioning": [],
            "timeouts": null,
            "upgrade_settings": [
              {
                "blue_green_settings": [],
                "max_surge": 1,
                "max_unavailable": 0,
                "strategy": "SURGE"
              }
            ],
            "version": "1.33.5-gke.1201000"
          },
          "sensitive_attributes": [],
          "identity_schema_version": 0,
          "private": "eyJlMmJmYjczMC1lY2FhLTExZTYtOGY4OC0zNDM2M2JjN2M0YzAiOnsiY3JlYXRlIjoxODAwMDAwMDAwMDAwLCJkZWxldGUiOjE4MDAwMDAwMDAwMDAsInVwZGF0ZSI6MTgwMDAwMDAwMDAwMH0sInNjaGVtYV92ZXJzaW9uIjoiMSJ9",
          "dependencies": [
            "google_container_cluster.single_node_gke"
          ]
        }
      ]
    }
  ],
  "check_results": null
}
